<?xml version="1.0" encoding="utf-8"?>
<Project ToolsVersion="4.0" xmlns="http://schemas.microsoft.com/developer/msbuild/2003">
  <ItemGroup>
    <Filter Include="Source Files">
      <UniqueIdentifier>{4FC737F1-C7A5-4376-A066-2A32D752A2FF}</UniqueIdentifier>
      <Extensions>cpp;c;cc;cxx;c++;cppm;ixx;def;odl;idl;hpj;bat;asm;asmx</Extensions>
    </Filter>
    <Filter Include="Source Files\Managers">
      <UniqueIdentifier>{a691ff72-7429-4e45-8549-dee690af5270}</UniqueIdentifier>
    </Filter>
    <Filter Include="Source Files\Actors">
      <UniqueIdentifier>{6bd516bf-3f28-4ff3-a7ba-93bba6da1073}</UniqueIdentifier>
    </Filter>
    <Filter Include="Source Files\Tile Map">
      <UniqueIdentifier>{7b26fecc-f715-46ae-b09c-118df648aa61}</UniqueIdentifier>
    </Filter>
    <Filter Include="Source Files\User Interface">
      <UniqueIdentifier>{209b86df-3b85-4f98-8a45-545480cf3d45}</UniqueIdentifier>
    </Filter>
    <Filter Include="Source Files\Level">
      <UniqueIdentifier>{35932465-3dc7-4c39-8ab3-1a1b862b3e85}</UniqueIdentifier>
    </Filter>
    <Filter Include="Source Files\Animation">
      <UniqueIdentifier>{4c2e7a44-d7e0-4035-9d15-bcbec96caf22}</UniqueIdentifier>
    </Filter>
  </ItemGroup>
  <ItemGroup>
    <ClCompile Include="main.cpp">
      <Filter>Source Files</Filter>
    </ClCompile>
    <ClCompile Include="cActor.cpp">
      <Filter>Source Files\Actors</Filter>
    </ClCompile>
    <ClCompile Include="cPlayer.cpp">
      <Filter>Source Files\Actors</Filter>
    </ClCompile>
    <ClCompile Include="cCameraManager.cpp">
      <Filter>Source Files\Managers</Filter>
    </ClCompile>
    <ClCompile Include="cEventManager.cpp">
      <Filter>Source Files\Managers</Filter>
    </ClCompile>
    <ClCompile Include="cGameManager.cpp">
      <Filter>Source Files\Managers</Filter>
    </ClCompile>
    <ClCompile Include="cWindowManager.cpp">
      <Filter>Source Files\Managers</Filter>
    </ClCompile>
    <ClCompile Include="cTileMap.cpp">
      <Filter>Source Files\Tile Map</Filter>
    </ClCompile>
    <ClCompile Include="cJumpPad.cpp">
      <Filter>Source Files\Actors</Filter>
    </ClCompile>
    <ClCompile Include="cUserInterface.cpp">
      <Filter>Source Files\User Interface</Filter>
    </ClCompile>
    <ClCompile Include="cUserInterfaceManager.cpp">
      <Filter>Source Files\Managers</Filter>
    </ClCompile>
    <ClCompile Include="cLevel.cpp">
      <Filter>Source Files\Level</Filter>
    </ClCompile>
    <ClCompile Include="cAnimation.cpp">
      <Filter>Source Files\Animation</Filter>
    </ClCompile>
    <ClCompile Include="cMovingPlatform.cpp">
      <Filter>Source Files\Actors</Filter>
    </ClCompile>
    <ClCompile Include="cSpike.cpp">
      <Filter>Source Files\Actors</Filter>
    </ClCompile>
    <ClCompile Include="cKey.cpp">
      <Filter>Source Files\Actors</Filter>
    </ClCompile>
    <ClCompile Include="cDoor.cpp">
      <Filter>Source Files\Actors</Filter>
    </ClCompile>
    <ClCompile Include="GameSettings.h">
      <Filter>Source Files</Filter>
    </ClCompile>
  </ItemGroup>
  <ItemGroup>
    <ClInclude Include="cActor.h">
      <Filter>Source Files\Actors</Filter>
    </ClInclude>
    <ClInclude Include="cPlayer.h">
      <Filter>Source Files\Actors</Filter>
    </ClInclude>
    <ClInclude Include="cCameraManager.h">
      <Filter>Source Files\Managers</Filter>
    </ClInclude>
    <ClInclude Include="cEventManager.h">
      <Filter>Source Files\Managers</Filter>
    </ClInclude>
    <ClInclude Include="cGameManager.h">
      <Filter>Source Files\Managers</Filter>
    </ClInclude>
    <ClInclude Include="cWindowManager.h">
      <Filter>Source Files\Managers</Filter>
    </ClInclude>
    <ClInclude Include="cTileMap.h">
      <Filter>Source Files\Tile Map</Filter>
    </ClInclude>
    <ClInclude Include="cJumpPad.h">
      <Filter>Source Files\Actors</Filter>
    </ClInclude>
    <ClInclude Include="cUserInterface.h">
      <Filter>Source Files\User Interface</Filter>
    </ClInclude>
    <ClInclude Include="cUserInterfaceManager.h">
      <Filter>Source Files\Managers</Filter>
    </ClInclude>
    <ClInclude Include="cLevel.h">
      <Filter>Source Files\Level</Filter>
    </ClInclude>
    <ClInclude Include="cAnimation.h">
      <Filter>Source Files\Animation</Filter>
    </ClInclude>
    <ClInclude Include="cMovingPlatform.h">
      <Filter>Source Files\Actors</Filter>
    </ClInclude>
    <ClInclude Include="cSpike.h">
      <Filter>Source Files\Actors</Filter>
    </ClInclude>
    <ClInclude Include="cKey.h">
      <Filter>Source Files\Actors</Filter>
    </ClInclude>
    <ClInclude Include="cDoor.h">
      <Filter>Source Files\Actors</Filter>
    </ClInclude>
  </ItemGroup>
</Project>